
Microsoft Visual Studio Solution File, Format Version 12.00
Project("{FAE04EC0-301F-11D3-BF4B-00C04F79EFBC}") = "AccCareer.DAL", "AccCareer.DAL\AccCareer.DAL.csproj", "{6F19EEF3-3DE5-42B4-9E28-9CB754DEDAA0}"
EndProject
Global
	GlobalSection(SolutionConfigurationPlatforms) = preSolution
		Debug|Any CPU = Debug|Any CPU
		Release|Any CPU = Release|Any CPU
	EndGlobalSection
	GlobalSection(ProjectConfigurationPlatforms) = postSolution
		{6F19EEF3-3DE5-42B4-9E28-9CB754DEDAA0}.Debug|Any CPU.ActiveCfg = Debug|Any CPU
		{6F19EEF3-3DE5-42B4-9E28-9CB754DEDAA0}.Debug|Any CPU.Build.0 = Debug|Any CPU
		{6F19EEF3-3DE5-42B4-9E28-9CB754DEDAA0}.Release|Any CPU.ActiveCfg = Release|Any CPU
		{6F19EEF3-3DE5-42B4-9E28-9CB754DEDAA0}.Release|Any CPU.Build.0 = Release|Any CPU
	EndGlobalSection
EndGlobal
