
Microsoft Visual Studio Solution File, Format Version 12.00
Project("{FAE04EC0-301F-11D3-BF4B-00C04F79EFBC}") = "AccCareer.DAL", "AccCareer.DAL\AccCareer.DAL.csproj", "{6F19EEF3-3DE5-42B4-9E28-9CB754DEDAA0}"
EndProject
Project("{FAE04EC0-301F-11D3-BF4B-00C04F79EFBC}") = "AccCareer.BLL", "AccCareer.BLL\AccCareer.BLL.csproj", "{A52C1FF7-E07F-4F79-AFB6-275D7CEACBB2}"
EndProject
Project("{FAE04EC0-301F-11D3-BF4B-00C04F79EFBC}") = "AccCareer.UI", "AccCareer.UI\AccCareer.UI.csproj", "{7B8BDEE0-9E38-48D3-A482-3A44D7D03DFE}"
EndProject
Project("{FAE04EC0-301F-11D3-BF4B-00C04F79EFBC}") = "AccCareer.IOC", "AccCareer.IOC\AccCareer.IOC.csproj", "{7B63AC83-E42F-46EF-A978-AAE9653C3000}"
EndProject
Global
	GlobalSection(SolutionConfigurationPlatforms) = preSolution
		Debug|Any CPU = Debug|Any CPU
		Release|Any CPU = Release|Any CPU
	EndGlobalSection
	GlobalSection(ProjectConfigurationPlatforms) = postSolution
		{6F19EEF3-3DE5-42B4-9E28-9CB754DEDAA0}.Debug|Any CPU.ActiveCfg = Debug|Any CPU
		{6F19EEF3-3DE5-42B4-9E28-9CB754DEDAA0}.Debug|Any CPU.Build.0 = Debug|Any CPU
		{6F19EEF3-3DE5-42B4-9E28-9CB754DEDAA0}.Release|Any CPU.ActiveCfg = Release|Any CPU
		{6F19EEF3-3DE5-42B4-9E28-9CB754DEDAA0}.Release|Any CPU.Build.0 = Release|Any CPU
		{A52C1FF7-E07F-4F79-AFB6-275D7CEACBB2}.Debug|Any CPU.ActiveCfg = Debug|Any CPU
		{A52C1FF7-E07F-4F79-AFB6-275D7CEACBB2}.Debug|Any CPU.Build.0 = Debug|Any CPU
		{A52C1FF7-E07F-4F79-AFB6-275D7CEACBB2}.Release|Any CPU.ActiveCfg = Release|Any CPU
		{A52C1FF7-E07F-4F79-AFB6-275D7CEACBB2}.Release|Any CPU.Build.0 = Release|Any CPU
		{7B8BDEE0-9E38-48D3-A482-3A44D7D03DFE}.Debug|Any CPU.ActiveCfg = Debug|Any CPU
		{7B8BDEE0-9E38-48D3-A482-3A44D7D03DFE}.Debug|Any CPU.Build.0 = Debug|Any CPU
		{7B8BDEE0-9E38-48D3-A482-3A44D7D03DFE}.Release|Any CPU.ActiveCfg = Release|Any CPU
		{7B8BDEE0-9E38-48D3-A482-3A44D7D03DFE}.Release|Any CPU.Build.0 = Release|Any CPU
		{7B63AC83-E42F-46EF-A978-AAE9653C3000}.Debug|Any CPU.ActiveCfg = Debug|Any CPU
		{7B63AC83-E42F-46EF-A978-AAE9653C3000}.Debug|Any CPU.Build.0 = Debug|Any CPU
		{7B63AC83-E42F-46EF-A978-AAE9653C3000}.Release|Any CPU.ActiveCfg = Release|Any CPU
		{7B63AC83-E42F-46EF-A978-AAE9653C3000}.Release|Any CPU.Build.0 = Release|Any CPU
	EndGlobalSection
EndGlobal
